// !$*UTF8*$!
{
	archiveVersion = 1;
	classes = {
	};
	objectVersion = 56;
	objects = {

/* Begin PBXBuildFile section */
		04D52EB82A5C034400E3BC03 /* AppDelegate.swift in Sources */ = {isa = PBXBuildFile; fileRef = 04D52EB72A5C034400E3BC03 /* AppDelegate.swift */; };
		04D52EBA2A5C034400E3BC03 /* SceneDelegate.swift in Sources */ = {isa = PBXBuildFile; fileRef = 04D52EB92A5C034400E3BC03 /* SceneDelegate.swift */; };
		04D52EBC2A5C034400E3BC03 /* RMTabBarController.swift in Sources */ = {isa = PBXBuildFile; fileRef = 04D52EBB2A5C034400E3BC03 /* RMTabBarController.swift */; };
		04D52EC12A5C034600E3BC03 /* Assets.xcassets in Resources */ = {isa = PBXBuildFile; fileRef = 04D52EC02A5C034600E3BC03 /* Assets.xcassets */; };
		04D52EC42A5C034600E3BC03 /* LaunchScreen.storyboard in Resources */ = {isa = PBXBuildFile; fileRef = 04D52EC22A5C034600E3BC03 /* LaunchScreen.storyboard */; };
		04D52ECF2A5C034700E3BC03 /* R_MAppTests.swift in Sources */ = {isa = PBXBuildFile; fileRef = 04D52ECE2A5C034700E3BC03 /* R_MAppTests.swift */; };
		04D52ED92A5C034700E3BC03 /* R_MAppUITests.swift in Sources */ = {isa = PBXBuildFile; fileRef = 04D52ED82A5C034700E3BC03 /* R_MAppUITests.swift */; };
		04D52EDB2A5C034700E3BC03 /* R_MAppUITestsLaunchTests.swift in Sources */ = {isa = PBXBuildFile; fileRef = 04D52EDA2A5C034700E3BC03 /* R_MAppUITestsLaunchTests.swift */; };
		04D52EF02A5C053C00E3BC03 /* RMLocation.swift in Sources */ = {isa = PBXBuildFile; fileRef = 04D52EEF2A5C053C00E3BC03 /* RMLocation.swift */; };
		04D52EF22A5C054800E3BC03 /* RMCharacter.swift in Sources */ = {isa = PBXBuildFile; fileRef = 04D52EF12A5C054800E3BC03 /* RMCharacter.swift */; };
		04D52EF42A5C055100E3BC03 /* RMEpisode.swift in Sources */ = {isa = PBXBuildFile; fileRef = 04D52EF32A5C055100E3BC03 /* RMEpisode.swift */; };
		04D52EF72A5C05BA00E3BC03 /* RMCharacterViewController.swift in Sources */ = {isa = PBXBuildFile; fileRef = 04D52EF62A5C05BA00E3BC03 /* RMCharacterViewController.swift */; };
		04D52EF92A5C05CA00E3BC03 /* RMLocationViewController.swift in Sources */ = {isa = PBXBuildFile; fileRef = 04D52EF82A5C05CA00E3BC03 /* RMLocationViewController.swift */; };
		04D52EFB2A5C05D600E3BC03 /* RMEpisodeViewController.swift in Sources */ = {isa = PBXBuildFile; fileRef = 04D52EFA2A5C05D600E3BC03 /* RMEpisodeViewController.swift */; };
		04D52EFD2A5C05E700E3BC03 /* RMSettingsViewController.swift in Sources */ = {isa = PBXBuildFile; fileRef = 04D52EFC2A5C05E700E3BC03 /* RMSettingsViewController.swift */; };
		04D52EFF2A5D77D300E3BC03 /* RMService.swift in Sources */ = {isa = PBXBuildFile; fileRef = 04D52EFE2A5D77D300E3BC03 /* RMService.swift */; };
		04D52F012A5D77E500E3BC03 /* RMRequest.swift in Sources */ = {isa = PBXBuildFile; fileRef = 04D52F002A5D77E500E3BC03 /* RMRequest.swift */; };
		04D52F032A5DCE8800E3BC03 /* RMEndpoint.swift in Sources */ = {isa = PBXBuildFile; fileRef = 04D52F022A5DCE8800E3BC03 /* RMEndpoint.swift */; };
		04D52F052A5DFA6800E3BC03 /* RMOrigin.swift in Sources */ = {isa = PBXBuildFile; fileRef = 04D52F042A5DFA6800E3BC03 /* RMOrigin.swift */; };
		04D52F072A5DFC1300E3BC03 /* RMSingleLocation.swift in Sources */ = {isa = PBXBuildFile; fileRef = 04D52F062A5DFC1300E3BC03 /* RMSingleLocation.swift */; };
		04D52F0B2A5DFDB100E3BC03 /* RMCharacterStatus.swift in Sources */ = {isa = PBXBuildFile; fileRef = 04D52F0A2A5DFDB100E3BC03 /* RMCharacterStatus.swift */; };
		04D52F0D2A5DFDC100E3BC03 /* RMCharacterGender.swift in Sources */ = {isa = PBXBuildFile; fileRef = 04D52F0C2A5DFDC100E3BC03 /* RMCharacterGender.swift */; };
		04D52F112A5EAED000E3BC03 /* RMGetAllCharactersResponse.swift in Sources */ = {isa = PBXBuildFile; fileRef = 04D52F102A5EAED000E3BC03 /* RMGetAllCharactersResponse.swift */; };
		04D52F372A5F375A00E3BC03 /* RMCharacterListViewViewModel.swift in Sources */ = {isa = PBXBuildFile; fileRef = 04D52F362A5F375A00E3BC03 /* RMCharacterListViewViewModel.swift */; };
		04D52F3B2A5F380F00E3BC03 /* RMCharacterListView.swift in Sources */ = {isa = PBXBuildFile; fileRef = 04D52F3A2A5F380F00E3BC03 /* RMCharacterListView.swift */; };
		04D52F3D2A5F3DAD00E3BC03 /* RMExtensions.swift in Sources */ = {isa = PBXBuildFile; fileRef = 04D52F3C2A5F3DAD00E3BC03 /* RMExtensions.swift */; };
		04D52F732A61223600E3BC03 /* RMCharacterCollectionViewCell.swift in Sources */ = {isa = PBXBuildFile; fileRef = 04D52F722A61223600E3BC03 /* RMCharacterCollectionViewCell.swift */; };
		04D52F752A61235A00E3BC03 /* RMCharacterCollectionViewCellViewModel.swift in Sources */ = {isa = PBXBuildFile; fileRef = 04D52F742A61235A00E3BC03 /* RMCharacterCollectionViewCellViewModel.swift */; };
		04D52FB22A6E588500E3BC03 /* RMCharacterDetailViewController.swift in Sources */ = {isa = PBXBuildFile; fileRef = 04D52FB12A6E588500E3BC03 /* RMCharacterDetailViewController.swift */; };
		04D52FB42A6E591600E3BC03 /* RMCharacterDetailView.swift in Sources */ = {isa = PBXBuildFile; fileRef = 04D52FB32A6E591600E3BC03 /* RMCharacterDetailView.swift */; };
		04D52FB62A6E592A00E3BC03 /* RMCharacterDetailViewViewModel.swift in Sources */ = {isa = PBXBuildFile; fileRef = 04D52FB52A6E592A00E3BC03 /* RMCharacterDetailViewViewModel.swift */; };
/* End PBXBuildFile section */

/* Begin PBXContainerItemProxy section */
		04D52ECB2A5C034700E3BC03 /* PBXContainerItemProxy */ = {
			isa = PBXContainerItemProxy;
			containerPortal = 04D52EAC2A5C034400E3BC03 /* Project object */;
			proxyType = 1;
			remoteGlobalIDString = 04D52EB32A5C034400E3BC03;
			remoteInfo = "R&MApp";
		};
		04D52ED52A5C034700E3BC03 /* PBXContainerItemProxy */ = {
			isa = PBXContainerItemProxy;
			containerPortal = 04D52EAC2A5C034400E3BC03 /* Project object */;
			proxyType = 1;
			remoteGlobalIDString = 04D52EB32A5C034400E3BC03;
			remoteInfo = "R&MApp";
		};
/* End PBXContainerItemProxy section */

/* Begin PBXFileReference section */
		04D52EB42A5C034400E3BC03 /* R&MApp.app */ = {isa = PBXFileReference; explicitFileType = wrapper.application; includeInIndex = 0; path = "R&MApp.app"; sourceTree = BUILT_PRODUCTS_DIR; };
		04D52EB72A5C034400E3BC03 /* AppDelegate.swift */ = {isa = PBXFileReference; lastKnownFileType = sourcecode.swift; path = AppDelegate.swift; sourceTree = "<group>"; };
		04D52EB92A5C034400E3BC03 /* SceneDelegate.swift */ = {isa = PBXFileReference; lastKnownFileType = sourcecode.swift; path = SceneDelegate.swift; sourceTree = "<group>"; };
		04D52EBB2A5C034400E3BC03 /* RMTabBarController.swift */ = {isa = PBXFileReference; lastKnownFileType = sourcecode.swift; path = RMTabBarController.swift; sourceTree = "<group>"; };
		04D52EC02A5C034600E3BC03 /* Assets.xcassets */ = {isa = PBXFileReference; lastKnownFileType = folder.assetcatalog; path = Assets.xcassets; sourceTree = "<group>"; };
		04D52EC32A5C034600E3BC03 /* Base */ = {isa = PBXFileReference; lastKnownFileType = file.storyboard; name = Base; path = Base.lproj/LaunchScreen.storyboard; sourceTree = "<group>"; };
		04D52EC52A5C034600E3BC03 /* Info.plist */ = {isa = PBXFileReference; lastKnownFileType = text.plist.xml; path = Info.plist; sourceTree = "<group>"; };
		04D52ECA2A5C034700E3BC03 /* R&MAppTests.xctest */ = {isa = PBXFileReference; explicitFileType = wrapper.cfbundle; includeInIndex = 0; path = "R&MAppTests.xctest"; sourceTree = BUILT_PRODUCTS_DIR; };
		04D52ECE2A5C034700E3BC03 /* R_MAppTests.swift */ = {isa = PBXFileReference; lastKnownFileType = sourcecode.swift; path = R_MAppTests.swift; sourceTree = "<group>"; };
		04D52ED42A5C034700E3BC03 /* R&MAppUITests.xctest */ = {isa = PBXFileReference; explicitFileType = wrapper.cfbundle; includeInIndex = 0; path = "R&MAppUITests.xctest"; sourceTree = BUILT_PRODUCTS_DIR; };
		04D52ED82A5C034700E3BC03 /* R_MAppUITests.swift */ = {isa = PBXFileReference; lastKnownFileType = sourcecode.swift; path = R_MAppUITests.swift; sourceTree = "<group>"; };
		04D52EDA2A5C034700E3BC03 /* R_MAppUITestsLaunchTests.swift */ = {isa = PBXFileReference; lastKnownFileType = sourcecode.swift; path = R_MAppUITestsLaunchTests.swift; sourceTree = "<group>"; };
		04D52EEF2A5C053C00E3BC03 /* RMLocation.swift */ = {isa = PBXFileReference; lastKnownFileType = sourcecode.swift; path = RMLocation.swift; sourceTree = "<group>"; };
		04D52EF12A5C054800E3BC03 /* RMCharacter.swift */ = {isa = PBXFileReference; lastKnownFileType = sourcecode.swift; path = RMCharacter.swift; sourceTree = "<group>"; };
		04D52EF32A5C055100E3BC03 /* RMEpisode.swift */ = {isa = PBXFileReference; lastKnownFileType = sourcecode.swift; path = RMEpisode.swift; sourceTree = "<group>"; };
		04D52EF62A5C05BA00E3BC03 /* RMCharacterViewController.swift */ = {isa = PBXFileReference; lastKnownFileType = sourcecode.swift; path = RMCharacterViewController.swift; sourceTree = "<group>"; };
		04D52EF82A5C05CA00E3BC03 /* RMLocationViewController.swift */ = {isa = PBXFileReference; lastKnownFileType = sourcecode.swift; path = RMLocationViewController.swift; sourceTree = "<group>"; };
		04D52EFA2A5C05D600E3BC03 /* RMEpisodeViewController.swift */ = {isa = PBXFileReference; lastKnownFileType = sourcecode.swift; path = RMEpisodeViewController.swift; sourceTree = "<group>"; };
		04D52EFC2A5C05E700E3BC03 /* RMSettingsViewController.swift */ = {isa = PBXFileReference; lastKnownFileType = sourcecode.swift; path = RMSettingsViewController.swift; sourceTree = "<group>"; };
		04D52EFE2A5D77D300E3BC03 /* RMService.swift */ = {isa = PBXFileReference; lastKnownFileType = sourcecode.swift; path = RMService.swift; sourceTree = "<group>"; };
		04D52F002A5D77E500E3BC03 /* RMRequest.swift */ = {isa = PBXFileReference; lastKnownFileType = sourcecode.swift; path = RMRequest.swift; sourceTree = "<group>"; };
		04D52F022A5DCE8800E3BC03 /* RMEndpoint.swift */ = {isa = PBXFileReference; lastKnownFileType = sourcecode.swift; path = RMEndpoint.swift; sourceTree = "<group>"; };
		04D52F042A5DFA6800E3BC03 /* RMOrigin.swift */ = {isa = PBXFileReference; lastKnownFileType = sourcecode.swift; path = RMOrigin.swift; sourceTree = "<group>"; };
		04D52F062A5DFC1300E3BC03 /* RMSingleLocation.swift */ = {isa = PBXFileReference; lastKnownFileType = sourcecode.swift; path = RMSingleLocation.swift; sourceTree = "<group>"; };
		04D52F0A2A5DFDB100E3BC03 /* RMCharacterStatus.swift */ = {isa = PBXFileReference; lastKnownFileType = sourcecode.swift; path = RMCharacterStatus.swift; sourceTree = "<group>"; };
		04D52F0C2A5DFDC100E3BC03 /* RMCharacterGender.swift */ = {isa = PBXFileReference; lastKnownFileType = sourcecode.swift; path = RMCharacterGender.swift; sourceTree = "<group>"; };
		04D52F102A5EAED000E3BC03 /* RMGetAllCharactersResponse.swift */ = {isa = PBXFileReference; lastKnownFileType = sourcecode.swift; path = RMGetAllCharactersResponse.swift; sourceTree = "<group>"; };
		04D52F362A5F375A00E3BC03 /* RMCharacterListViewViewModel.swift */ = {isa = PBXFileReference; lastKnownFileType = sourcecode.swift; path = RMCharacterListViewViewModel.swift; sourceTree = "<group>"; };
		04D52F3A2A5F380F00E3BC03 /* RMCharacterListView.swift */ = {isa = PBXFileReference; lastKnownFileType = sourcecode.swift; path = RMCharacterListView.swift; sourceTree = "<group>"; };
		04D52F3C2A5F3DAD00E3BC03 /* RMExtensions.swift */ = {isa = PBXFileReference; lastKnownFileType = sourcecode.swift; path = RMExtensions.swift; sourceTree = "<group>"; };
		04D52F722A61223600E3BC03 /* RMCharacterCollectionViewCell.swift */ = {isa = PBXFileReference; lastKnownFileType = sourcecode.swift; path = RMCharacterCollectionViewCell.swift; sourceTree = "<group>"; };
		04D52F742A61235A00E3BC03 /* RMCharacterCollectionViewCellViewModel.swift */ = {isa = PBXFileReference; lastKnownFileType = sourcecode.swift; path = RMCharacterCollectionViewCellViewModel.swift; sourceTree = "<group>"; };
		04D52FB12A6E588500E3BC03 /* RMCharacterDetailViewController.swift */ = {isa = PBXFileReference; lastKnownFileType = sourcecode.swift; path = RMCharacterDetailViewController.swift; sourceTree = "<group>"; };
		04D52FB32A6E591600E3BC03 /* RMCharacterDetailView.swift */ = {isa = PBXFileReference; lastKnownFileType = sourcecode.swift; path = RMCharacterDetailView.swift; sourceTree = "<group>"; };
		04D52FB52A6E592A00E3BC03 /* RMCharacterDetailViewViewModel.swift */ = {isa = PBXFileReference; lastKnownFileType = sourcecode.swift; path = RMCharacterDetailViewViewModel.swift; sourceTree = "<group>"; };
/* End PBXFileReference section */

/* Begin PBXFrameworksBuildPhase section */
		04D52EB12A5C034400E3BC03 /* Frameworks */ = {
			isa = PBXFrameworksBuildPhase;
			buildActionMask = 2147483647;
			files = (
			);
			runOnlyForDeploymentPostprocessing = 0;
		};
		04D52EC72A5C034700E3BC03 /* Frameworks */ = {
			isa = PBXFrameworksBuildPhase;
			buildActionMask = 2147483647;
			files = (
			);
			runOnlyForDeploymentPostprocessing = 0;
		};
		04D52ED12A5C034700E3BC03 /* Frameworks */ = {
			isa = PBXFrameworksBuildPhase;
			buildActionMask = 2147483647;
			files = (
			);
			runOnlyForDeploymentPostprocessing = 0;
		};
/* End PBXFrameworksBuildPhase section */

/* Begin PBXGroup section */
		04D52EAB2A5C034400E3BC03 = {
			isa = PBXGroup;
			children = (
				04D52EB62A5C034400E3BC03 /* R&MApp */,
				04D52ECD2A5C034700E3BC03 /* R&MAppTests */,
				04D52ED72A5C034700E3BC03 /* R&MAppUITests */,
				04D52EB52A5C034400E3BC03 /* Products */,
			);
			sourceTree = "<group>";
		};
		04D52EB52A5C034400E3BC03 /* Products */ = {
			isa = PBXGroup;
			children = (
				04D52EB42A5C034400E3BC03 /* R&MApp.app */,
				04D52ECA2A5C034700E3BC03 /* R&MAppTests.xctest */,
				04D52ED42A5C034700E3BC03 /* R&MAppUITests.xctest */,
			);
			name = Products;
			sourceTree = "<group>";
		};
		04D52EB62A5C034400E3BC03 /* R&MApp */ = {
			isa = PBXGroup;
			children = (
				04D52EEE2A5C043C00E3BC03 /* Resources */,
				04D52EED2A5C043100E3BC03 /* Managers */,
				04D52EEC2A5C042C00E3BC03 /* APIClient */,
				04D52EEB2A5C042600E3BC03 /* Controllers */,
				04D52EEA2A5C042100E3BC03 /* ViewModels */,
				04D52EE92A5C041500E3BC03 /* Views */,
				04D52EE82A5C040F00E3BC03 /* Models */,
				04D52EC52A5C034600E3BC03 /* Info.plist */,
			);
			path = "R&MApp";
			sourceTree = "<group>";
		};
		04D52ECD2A5C034700E3BC03 /* R&MAppTests */ = {
			isa = PBXGroup;
			children = (
				04D52ECE2A5C034700E3BC03 /* R_MAppTests.swift */,
			);
			path = "R&MAppTests";
			sourceTree = "<group>";
		};
		04D52ED72A5C034700E3BC03 /* R&MAppUITests */ = {
			isa = PBXGroup;
			children = (
				04D52ED82A5C034700E3BC03 /* R_MAppUITests.swift */,
				04D52EDA2A5C034700E3BC03 /* R_MAppUITestsLaunchTests.swift */,
			);
			path = "R&MAppUITests";
			sourceTree = "<group>";
		};
		04D52EE82A5C040F00E3BC03 /* Models */ = {
			isa = PBXGroup;
			children = (
				04D52F0F2A5EAEBA00E3BC03 /* APIResponseTypes */,
				04D52F0E2A5EAEAB00E3BC03 /* DataTypes */,
			);
			path = Models;
			sourceTree = "<group>";
		};
		04D52EE92A5C041500E3BC03 /* Views */ = {
			isa = PBXGroup;
			children = (
				04D52F3A2A5F380F00E3BC03 /* RMCharacterListView.swift */,
				04D52F722A61223600E3BC03 /* RMCharacterCollectionViewCell.swift */,
				04D52FB32A6E591600E3BC03 /* RMCharacterDetailView.swift */,
			);
			path = Views;
			sourceTree = "<group>";
		};
		04D52EEA2A5C042100E3BC03 /* ViewModels */ = {
			isa = PBXGroup;
			children = (
				04D52F362A5F375A00E3BC03 /* RMCharacterListViewViewModel.swift */,
				04D52F742A61235A00E3BC03 /* RMCharacterCollectionViewCellViewModel.swift */,
				04D52FB52A6E592A00E3BC03 /* RMCharacterDetailViewViewModel.swift */,
			);
			path = ViewModels;
			sourceTree = "<group>";
		};
		04D52EEB2A5C042600E3BC03 /* Controllers */ = {
			isa = PBXGroup;
			children = (
				04D52FB02A6E586300E3BC03 /* Other */,
				04D52EF52A5C058C00E3BC03 /* Core */,
			);
			path = Controllers;
			sourceTree = "<group>";
		};
		04D52EEC2A5C042C00E3BC03 /* APIClient */ = {
			isa = PBXGroup;
			children = (
				04D52EFE2A5D77D300E3BC03 /* RMService.swift */,
				04D52F002A5D77E500E3BC03 /* RMRequest.swift */,
				04D52F022A5DCE8800E3BC03 /* RMEndpoint.swift */,
			);
			path = APIClient;
			sourceTree = "<group>";
		};
		04D52EED2A5C043100E3BC03 /* Managers */ = {
			isa = PBXGroup;
			children = (
			);
			path = Managers;
			sourceTree = "<group>";
		};
		04D52EEE2A5C043C00E3BC03 /* Resources */ = {
			isa = PBXGroup;
			children = (
				04D52EB72A5C034400E3BC03 /* AppDelegate.swift */,
				04D52EB92A5C034400E3BC03 /* SceneDelegate.swift */,
				04D52EC02A5C034600E3BC03 /* Assets.xcassets */,
				04D52EC22A5C034600E3BC03 /* LaunchScreen.storyboard */,
				04D52F3C2A5F3DAD00E3BC03 /* RMExtensions.swift */,
			);
			path = Resources;
			sourceTree = "<group>";
		};
		04D52EF52A5C058C00E3BC03 /* Core */ = {
			isa = PBXGroup;
			children = (
				04D52EBB2A5C034400E3BC03 /* RMTabBarController.swift */,
				04D52EF62A5C05BA00E3BC03 /* RMCharacterViewController.swift */,
				04D52EF82A5C05CA00E3BC03 /* RMLocationViewController.swift */,
				04D52EFA2A5C05D600E3BC03 /* RMEpisodeViewController.swift */,
				04D52EFC2A5C05E700E3BC03 /* RMSettingsViewController.swift */,
			);
			path = Core;
			sourceTree = "<group>";
		};
		04D52F0E2A5EAEAB00E3BC03 /* DataTypes */ = {
			isa = PBXGroup;
			children = (
				04D52EEF2A5C053C00E3BC03 /* RMLocation.swift */,
				04D52EF12A5C054800E3BC03 /* RMCharacter.swift */,
				04D52EF32A5C055100E3BC03 /* RMEpisode.swift */,
				04D52F042A5DFA6800E3BC03 /* RMOrigin.swift */,
				04D52F062A5DFC1300E3BC03 /* RMSingleLocation.swift */,
				04D52F0A2A5DFDB100E3BC03 /* RMCharacterStatus.swift */,
				04D52F0C2A5DFDC100E3BC03 /* RMCharacterGender.swift */,
			);
			path = DataTypes;
			sourceTree = "<group>";
		};
		04D52F0F2A5EAEBA00E3BC03 /* APIResponseTypes */ = {
			isa = PBXGroup;
			children = (
				04D52F102A5EAED000E3BC03 /* RMGetAllCharactersResponse.swift */,
			);
			path = APIResponseTypes;
			sourceTree = "<group>";
		};
		04D52FB02A6E586300E3BC03 /* Other */ = {
			isa = PBXGroup;
			children = (
				04D52FB12A6E588500E3BC03 /* RMCharacterDetailViewController.swift */,
			);
			path = Other;
			sourceTree = "<group>";
		};
/* End PBXGroup section */

/* Begin PBXNativeTarget section */
		04D52EB32A5C034400E3BC03 /* R&MApp */ = {
			isa = PBXNativeTarget;
			buildConfigurationList = 04D52EDE2A5C034700E3BC03 /* Build configuration list for PBXNativeTarget "R&MApp" */;
			buildPhases = (
				04D52EB02A5C034400E3BC03 /* Sources */,
				04D52EB12A5C034400E3BC03 /* Frameworks */,
				04D52EB22A5C034400E3BC03 /* Resources */,
			);
			buildRules = (
			);
			dependencies = (
			);
			name = "R&MApp";
			productName = "R&MApp";
			productReference = 04D52EB42A5C034400E3BC03 /* R&MApp.app */;
			productType = "com.apple.product-type.application";
		};
		04D52EC92A5C034700E3BC03 /* R&MAppTests */ = {
			isa = PBXNativeTarget;
			buildConfigurationList = 04D52EE12A5C034700E3BC03 /* Build configuration list for PBXNativeTarget "R&MAppTests" */;
			buildPhases = (
				04D52EC62A5C034700E3BC03 /* Sources */,
				04D52EC72A5C034700E3BC03 /* Frameworks */,
				04D52EC82A5C034700E3BC03 /* Resources */,
			);
			buildRules = (
			);
			dependencies = (
				04D52ECC2A5C034700E3BC03 /* PBXTargetDependency */,
			);
			name = "R&MAppTests";
			productName = "R&MAppTests";
			productReference = 04D52ECA2A5C034700E3BC03 /* R&MAppTests.xctest */;
			productType = "com.apple.product-type.bundle.unit-test";
		};
		04D52ED32A5C034700E3BC03 /* R&MAppUITests */ = {
			isa = PBXNativeTarget;
			buildConfigurationList = 04D52EE42A5C034700E3BC03 /* Build configuration list for PBXNativeTarget "R&MAppUITests" */;
			buildPhases = (
				04D52ED02A5C034700E3BC03 /* Sources */,
				04D52ED12A5C034700E3BC03 /* Frameworks */,
				04D52ED22A5C034700E3BC03 /* Resources */,
			);
			buildRules = (
			);
			dependencies = (
				04D52ED62A5C034700E3BC03 /* PBXTargetDependency */,
			);
			name = "R&MAppUITests";
			productName = "R&MAppUITests";
			productReference = 04D52ED42A5C034700E3BC03 /* R&MAppUITests.xctest */;
			productType = "com.apple.product-type.bundle.ui-testing";
		};
/* End PBXNativeTarget section */

/* Begin PBXProject section */
		04D52EAC2A5C034400E3BC03 /* Project object */ = {
			isa = PBXProject;
			attributes = {
				BuildIndependentTargetsInParallel = 1;
				LastSwiftUpdateCheck = 1430;
				LastUpgradeCheck = 1430;
				TargetAttributes = {
					04D52EB32A5C034400E3BC03 = {
						CreatedOnToolsVersion = 14.3.1;
					};
					04D52EC92A5C034700E3BC03 = {
						CreatedOnToolsVersion = 14.3.1;
						TestTargetID = 04D52EB32A5C034400E3BC03;
					};
					04D52ED32A5C034700E3BC03 = {
						CreatedOnToolsVersion = 14.3.1;
						TestTargetID = 04D52EB32A5C034400E3BC03;
					};
				};
			};
			buildConfigurationList = 04D52EAF2A5C034400E3BC03 /* Build configuration list for PBXProject "R&MApp" */;
			compatibilityVersion = "Xcode 14.0";
			developmentRegion = en;
			hasScannedForEncodings = 0;
			knownRegions = (
				en,
				Base,
			);
			mainGroup = 04D52EAB2A5C034400E3BC03;
			productRefGroup = 04D52EB52A5C034400E3BC03 /* Products */;
			projectDirPath = "";
			projectRoot = "";
			targets = (
				04D52EB32A5C034400E3BC03 /* R&MApp */,
				04D52EC92A5C034700E3BC03 /* R&MAppTests */,
				04D52ED32A5C034700E3BC03 /* R&MAppUITests */,
			);
		};
/* End PBXProject section */

/* Begin PBXResourcesBuildPhase section */
		04D52EB22A5C034400E3BC03 /* Resources */ = {
			isa = PBXResourcesBuildPhase;
			buildActionMask = 2147483647;
			files = (
				04D52EC42A5C034600E3BC03 /* LaunchScreen.storyboard in Resources */,
				04D52EC12A5C034600E3BC03 /* Assets.xcassets in Resources */,
			);
			runOnlyForDeploymentPostprocessing = 0;
		};
		04D52EC82A5C034700E3BC03 /* Resources */ = {
			isa = PBXResourcesBuildPhase;
			buildActionMask = 2147483647;
			files = (
			);
			runOnlyForDeploymentPostprocessing = 0;
		};
		04D52ED22A5C034700E3BC03 /* Resources */ = {
			isa = PBXResourcesBuildPhase;
			buildActionMask = 2147483647;
			files = (
			);
			runOnlyForDeploymentPostprocessing = 0;
		};
/* End PBXResourcesBuildPhase section */

/* Begin PBXSourcesBuildPhase section */
		04D52EB02A5C034400E3BC03 /* Sources */ = {
			isa = PBXSourcesBuildPhase;
			buildActionMask = 2147483647;
			files = (
				04D52F112A5EAED000E3BC03 /* RMGetAllCharactersResponse.swift in Sources */,
				04D52FB62A6E592A00E3BC03 /* RMCharacterDetailViewViewModel.swift in Sources */,
				04D52F052A5DFA6800E3BC03 /* RMOrigin.swift in Sources */,
				04D52F072A5DFC1300E3BC03 /* RMSingleLocation.swift in Sources */,
				04D52F3D2A5F3DAD00E3BC03 /* RMExtensions.swift in Sources */,
				04D52F0B2A5DFDB100E3BC03 /* RMCharacterStatus.swift in Sources */,
				04D52F0D2A5DFDC100E3BC03 /* RMCharacterGender.swift in Sources */,
				04D52FB22A6E588500E3BC03 /* RMCharacterDetailViewController.swift in Sources */,
				04D52EF92A5C05CA00E3BC03 /* RMLocationViewController.swift in Sources */,
				04D52EF42A5C055100E3BC03 /* RMEpisode.swift in Sources */,
				04D52EBC2A5C034400E3BC03 /* RMTabBarController.swift in Sources */,
				04D52F732A61223600E3BC03 /* RMCharacterCollectionViewCell.swift in Sources */,
				04D52EFB2A5C05D600E3BC03 /* RMEpisodeViewController.swift in Sources */,
				04D52F372A5F375A00E3BC03 /* RMCharacterListViewViewModel.swift in Sources */,
				04D52EB82A5C034400E3BC03 /* AppDelegate.swift in Sources */,
				04D52EBA2A5C034400E3BC03 /* SceneDelegate.swift in Sources */,
				04D52EFD2A5C05E700E3BC03 /* RMSettingsViewController.swift in Sources */,
				04D52EFF2A5D77D300E3BC03 /* RMService.swift in Sources */,
				04D52EF02A5C053C00E3BC03 /* RMLocation.swift in Sources */,
				04D52F3B2A5F380F00E3BC03 /* RMCharacterListView.swift in Sources */,
				04D52F032A5DCE8800E3BC03 /* RMEndpoint.swift in Sources */,
				04D52F752A61235A00E3BC03 /* RMCharacterCollectionViewCellViewModel.swift in Sources */,
				04D52EF22A5C054800E3BC03 /* RMCharacter.swift in Sources */,
				04D52F012A5D77E500E3BC03 /* RMRequest.swift in Sources */,
				04D52EF72A5C05BA00E3BC03 /* RMCharacterViewController.swift in Sources */,
				04D52FB42A6E591600E3BC03 /* RMCharacterDetailView.swift in Sources */,
			);
			runOnlyForDeploymentPostprocessing = 0;
		};
		04D52EC62A5C034700E3BC03 /* Sources */ = {
			isa = PBXSourcesBuildPhase;
			buildActionMask = 2147483647;
			files = (
				04D52ECF2A5C034700E3BC03 /* R_MAppTests.swift in Sources */,
			);
			runOnlyForDeploymentPostprocessing = 0;
		};
		04D52ED02A5C034700E3BC03 /* Sources */ = {
			isa = PBXSourcesBuildPhase;
			buildActionMask = 2147483647;
			files = (
				04D52ED92A5C034700E3BC03 /* R_MAppUITests.swift in Sources */,
				04D52EDB2A5C034700E3BC03 /* R_MAppUITestsLaunchTests.swift in Sources */,
			);
			runOnlyForDeploymentPostprocessing = 0;
		};
/* End PBXSourcesBuildPhase section */

/* Begin PBXTargetDependency section */
		04D52ECC2A5C034700E3BC03 /* PBXTargetDependency */ = {
			isa = PBXTargetDependency;
			target = 04D52EB32A5C034400E3BC03 /* R&MApp */;
			targetProxy = 04D52ECB2A5C034700E3BC03 /* PBXContainerItemProxy */;
		};
		04D52ED62A5C034700E3BC03 /* PBXTargetDependency */ = {
			isa = PBXTargetDependency;
			target = 04D52EB32A5C034400E3BC03 /* R&MApp */;
			targetProxy = 04D52ED52A5C034700E3BC03 /* PBXContainerItemProxy */;
		};
/* End PBXTargetDependency section */

/* Begin PBXVariantGroup section */
		04D52EC22A5C034600E3BC03 /* LaunchScreen.storyboard */ = {
			isa = PBXVariantGroup;
			children = (
				04D52EC32A5C034600E3BC03 /* Base */,
			);
			name = LaunchScreen.storyboard;
			sourceTree = "<group>";
		};
/* End PBXVariantGroup section */

/* Begin XCBuildConfiguration section */
		04D52EDC2A5C034700E3BC03 /* Debug */ = {
			isa = XCBuildConfiguration;
			buildSettings = {
				ALWAYS_SEARCH_USER_PATHS = NO;
				CLANG_ANALYZER_NONNULL = YES;
				CLANG_ANALYZER_NUMBER_OBJECT_CONVERSION = YES_AGGRESSIVE;
				CLANG_CXX_LANGUAGE_STANDARD = "gnu++20";
				CLANG_ENABLE_MODULES = YES;
				CLANG_ENABLE_OBJC_ARC = YES;
				CLANG_ENABLE_OBJC_WEAK = YES;
				CLANG_WARN_BLOCK_CAPTURE_AUTORELEASING = YES;
				CLANG_WARN_BOOL_CONVERSION = YES;
				CLANG_WARN_COMMA = YES;
				CLANG_WARN_CONSTANT_CONVERSION = YES;
				CLANG_WARN_DEPRECATED_OBJC_IMPLEMENTATIONS = YES;
				CLANG_WARN_DIRECT_OBJC_ISA_USAGE = YES_ERROR;
				CLANG_WARN_DOCUMENTATION_COMMENTS = YES;
				CLANG_WARN_EMPTY_BODY = YES;
				CLANG_WARN_ENUM_CONVERSION = YES;
				CLANG_WARN_INFINITE_RECURSION = YES;
				CLANG_WARN_INT_CONVERSION = YES;
				CLANG_WARN_NON_LITERAL_NULL_CONVERSION = YES;
				CLANG_WARN_OBJC_IMPLICIT_RETAIN_SELF = YES;
				CLANG_WARN_OBJC_LITERAL_CONVERSION = YES;
				CLANG_WARN_OBJC_ROOT_CLASS = YES_ERROR;
				CLANG_WARN_QUOTED_INCLUDE_IN_FRAMEWORK_HEADER = YES;
				CLANG_WARN_RANGE_LOOP_ANALYSIS = YES;
				CLANG_WARN_STRICT_PROTOTYPES = YES;
				CLANG_WARN_SUSPICIOUS_MOVE = YES;
				CLANG_WARN_UNGUARDED_AVAILABILITY = YES_AGGRESSIVE;
				CLANG_WARN_UNREACHABLE_CODE = YES;
				CLANG_WARN__DUPLICATE_METHOD_MATCH = YES;
				COPY_PHASE_STRIP = NO;
				DEBUG_INFORMATION_FORMAT = dwarf;
				ENABLE_STRICT_OBJC_MSGSEND = YES;
				ENABLE_TESTABILITY = YES;
				GCC_C_LANGUAGE_STANDARD = gnu11;
				GCC_DYNAMIC_NO_PIC = NO;
				GCC_NO_COMMON_BLOCKS = YES;
				GCC_OPTIMIZATION_LEVEL = 0;
				GCC_PREPROCESSOR_DEFINITIONS = (
					"DEBUG=1",
					"$(inherited)",
				);
				GCC_WARN_64_TO_32_BIT_CONVERSION = YES;
				GCC_WARN_ABOUT_RETURN_TYPE = YES_ERROR;
				GCC_WARN_UNDECLARED_SELECTOR = YES;
				GCC_WARN_UNINITIALIZED_AUTOS = YES_AGGRESSIVE;
				GCC_WARN_UNUSED_FUNCTION = YES;
				GCC_WARN_UNUSED_VARIABLE = YES;
				IPHONEOS_DEPLOYMENT_TARGET = 16.4;
				MTL_ENABLE_DEBUG_INFO = INCLUDE_SOURCE;
				MTL_FAST_MATH = YES;
				ONLY_ACTIVE_ARCH = YES;
				SDKROOT = iphoneos;
				SWIFT_ACTIVE_COMPILATION_CONDITIONS = DEBUG;
				SWIFT_OPTIMIZATION_LEVEL = "-Onone";
			};
			name = Debug;
		};
		04D52EDD2A5C034700E3BC03 /* Release */ = {
			isa = XCBuildConfiguration;
			buildSettings = {
				ALWAYS_SEARCH_USER_PATHS = NO;
				CLANG_ANALYZER_NONNULL = YES;
				CLANG_ANALYZER_NUMBER_OBJECT_CONVERSION = YES_AGGRESSIVE;
				CLANG_CXX_LANGUAGE_STANDARD = "gnu++20";
				CLANG_ENABLE_MODULES = YES;
				CLANG_ENABLE_OBJC_ARC = YES;
				CLANG_ENABLE_OBJC_WEAK = YES;
				CLANG_WARN_BLOCK_CAPTURE_AUTORELEASING = YES;
				CLANG_WARN_BOOL_CONVERSION = YES;
				CLANG_WARN_COMMA = YES;
				CLANG_WARN_CONSTANT_CONVERSION = YES;
				CLANG_WARN_DEPRECATED_OBJC_IMPLEMENTATIONS = YES;
				CLANG_WARN_DIRECT_OBJC_ISA_USAGE = YES_ERROR;
				CLANG_WARN_DOCUMENTATION_COMMENTS = YES;
				CLANG_WARN_EMPTY_BODY = YES;
				CLANG_WARN_ENUM_CONVERSION = YES;
				CLANG_WARN_INFINITE_RECURSION = YES;
				CLANG_WARN_INT_CONVERSION = YES;
				CLANG_WARN_NON_LITERAL_NULL_CONVERSION = YES;
				CLANG_WARN_OBJC_IMPLICIT_RETAIN_SELF = YES;
				CLANG_WARN_OBJC_LITERAL_CONVERSION = YES;
				CLANG_WARN_OBJC_ROOT_CLASS = YES_ERROR;
				CLANG_WARN_QUOTED_INCLUDE_IN_FRAMEWORK_HEADER = YES;
				CLANG_WARN_RANGE_LOOP_ANALYSIS = YES;
				CLANG_WARN_STRICT_PROTOTYPES = YES;
				CLANG_WARN_SUSPICIOUS_MOVE = YES;
				CLANG_WARN_UNGUARDED_AVAILABILITY = YES_AGGRESSIVE;
				CLANG_WARN_UNREACHABLE_CODE = YES;
				CLANG_WARN__DUPLICATE_METHOD_MATCH = YES;
				COPY_PHASE_STRIP = NO;
				DEBUG_INFORMATION_FORMAT = "dwarf-with-dsym";
				ENABLE_NS_ASSERTIONS = NO;
				ENABLE_STRICT_OBJC_MSGSEND = YES;
				GCC_C_LANGUAGE_STANDARD = gnu11;
				GCC_NO_COMMON_BLOCKS = YES;
				GCC_WARN_64_TO_32_BIT_CONVERSION = YES;
				GCC_WARN_ABOUT_RETURN_TYPE = YES_ERROR;
				GCC_WARN_UNDECLARED_SELECTOR = YES;
				GCC_WARN_UNINITIALIZED_AUTOS = YES_AGGRESSIVE;
				GCC_WARN_UNUSED_FUNCTION = YES;
				GCC_WARN_UNUSED_VARIABLE = YES;
				IPHONEOS_DEPLOYMENT_TARGET = 16.4;
				MTL_ENABLE_DEBUG_INFO = NO;
				MTL_FAST_MATH = YES;
				SDKROOT = iphoneos;
				SWIFT_COMPILATION_MODE = wholemodule;
				SWIFT_OPTIMIZATION_LEVEL = "-O";
				VALIDATE_PRODUCT = YES;
			};
			name = Release;
		};
		04D52EDF2A5C034700E3BC03 /* Debug */ = {
			isa = XCBuildConfiguration;
			buildSettings = {
				ASSETCATALOG_COMPILER_APPICON_NAME = AppIcon;
				ASSETCATALOG_COMPILER_GLOBAL_ACCENT_COLOR_NAME = AccentColor;
				CODE_SIGN_STYLE = Automatic;
				CURRENT_PROJECT_VERSION = 1;
				GENERATE_INFOPLIST_FILE = YES;
				INFOPLIST_FILE = "R&MApp/Info.plist";
				INFOPLIST_KEY_UIApplicationSupportsIndirectInputEvents = YES;
				INFOPLIST_KEY_UILaunchStoryboardName = LaunchScreen;
				INFOPLIST_KEY_UISupportedInterfaceOrientations_iPad = "UIInterfaceOrientationPortrait UIInterfaceOrientationPortraitUpsideDown UIInterfaceOrientationLandscapeLeft UIInterfaceOrientationLandscapeRight";
				INFOPLIST_KEY_UISupportedInterfaceOrientations_iPhone = "UIInterfaceOrientationPortrait UIInterfaceOrientationLandscapeLeft UIInterfaceOrientationLandscapeRight";
				LD_RUNPATH_SEARCH_PATHS = (
					"$(inherited)",
					"@executable_path/Frameworks",
				);
				MARKETING_VERSION = 1.0;
				PRODUCT_BUNDLE_IDENTIFIER = "com.R-M.R-MApp";
				PRODUCT_NAME = "$(TARGET_NAME)";
				SWIFT_EMIT_LOC_STRINGS = YES;
				SWIFT_VERSION = 5.0;
				TARGETED_DEVICE_FAMILY = "1,2";
			};
			name = Debug;
		};
		04D52EE02A5C034700E3BC03 /* Release */ = {
			isa = XCBuildConfiguration;
			buildSettings = {
				ASSETCATALOG_COMPILER_APPICON_NAME = AppIcon;
				ASSETCATALOG_COMPILER_GLOBAL_ACCENT_COLOR_NAME = AccentColor;
				CODE_SIGN_STYLE = Automatic;
				CURRENT_PROJECT_VERSION = 1;
				GENERATE_INFOPLIST_FILE = YES;
				INFOPLIST_FILE = "R&MApp/Info.plist";
				INFOPLIST_KEY_UIApplicationSupportsIndirectInputEvents = YES;
				INFOPLIST_KEY_UILaunchStoryboardName = LaunchScreen;
				INFOPLIST_KEY_UISupportedInterfaceOrientations_iPad = "UIInterfaceOrientationPortrait UIInterfaceOrientationPortraitUpsideDown UIInterfaceOrientationLandscapeLeft UIInterfaceOrientationLandscapeRight";
				INFOPLIST_KEY_UISupportedInterfaceOrientations_iPhone = "UIInterfaceOrientationPortrait UIInterfaceOrientationLandscapeLeft UIInterfaceOrientationLandscapeRight";
				LD_RUNPATH_SEARCH_PATHS = (
					"$(inherited)",
					"@executable_path/Frameworks",
				);
				MARKETING_VERSION = 1.0;
				PRODUCT_BUNDLE_IDENTIFIER = "com.R-M.R-MApp";
				PRODUCT_NAME = "$(TARGET_NAME)";
				SWIFT_EMIT_LOC_STRINGS = YES;
				SWIFT_VERSION = 5.0;
				TARGETED_DEVICE_FAMILY = "1,2";
			};
			name = Release;
		};
		04D52EE22A5C034700E3BC03 /* Debug */ = {
			isa = XCBuildConfiguration;
			buildSettings = {
				ALWAYS_EMBED_SWIFT_STANDARD_LIBRARIES = YES;
				BUNDLE_LOADER = "$(TEST_HOST)";
				CODE_SIGN_STYLE = Automatic;
				CURRENT_PROJECT_VERSION = 1;
				GENERATE_INFOPLIST_FILE = YES;
				IPHONEOS_DEPLOYMENT_TARGET = 16.4;
				MARKETING_VERSION = 1.0;
				PRODUCT_BUNDLE_IDENTIFIER = "com.R-M.R-MAppTests";
				PRODUCT_NAME = "$(TARGET_NAME)";
				SWIFT_EMIT_LOC_STRINGS = NO;
				SWIFT_VERSION = 5.0;
				TARGETED_DEVICE_FAMILY = "1,2";
				TEST_HOST = "$(BUILT_PRODUCTS_DIR)/R&MApp.app/$(BUNDLE_EXECUTABLE_FOLDER_PATH)/R&MApp";
			};
			name = Debug;
		};
		04D52EE32A5C034700E3BC03 /* Release */ = {
			isa = XCBuildConfiguration;
			buildSettings = {
				ALWAYS_EMBED_SWIFT_STANDARD_LIBRARIES = YES;
				BUNDLE_LOADER = "$(TEST_HOST)";
				CODE_SIGN_STYLE = Automatic;
				CURRENT_PROJECT_VERSION = 1;
				GENERATE_INFOPLIST_FILE = YES;
				IPHONEOS_DEPLOYMENT_TARGET = 16.4;
				MARKETING_VERSION = 1.0;
				PRODUCT_BUNDLE_IDENTIFIER = "com.R-M.R-MAppTests";
				PRODUCT_NAME = "$(TARGET_NAME)";
				SWIFT_EMIT_LOC_STRINGS = NO;
				SWIFT_VERSION = 5.0;
				TARGETED_DEVICE_FAMILY = "1,2";
				TEST_HOST = "$(BUILT_PRODUCTS_DIR)/R&MApp.app/$(BUNDLE_EXECUTABLE_FOLDER_PATH)/R&MApp";
			};
			name = Release;
		};
		04D52EE52A5C034700E3BC03 /* Debug */ = {
			isa = XCBuildConfiguration;
			buildSettings = {
				ALWAYS_EMBED_SWIFT_STANDARD_LIBRARIES = YES;
				CODE_SIGN_STYLE = Automatic;
				CURRENT_PROJECT_VERSION = 1;
				GENERATE_INFOPLIST_FILE = YES;
				MARKETING_VERSION = 1.0;
				PRODUCT_BUNDLE_IDENTIFIER = "com.R-M.R-MAppUITests";
				PRODUCT_NAME = "$(TARGET_NAME)";
				SWIFT_EMIT_LOC_STRINGS = NO;
				SWIFT_VERSION = 5.0;
				TARGETED_DEVICE_FAMILY = "1,2";
				TEST_TARGET_NAME = "R&MApp";
			};
			name = Debug;
		};
		04D52EE62A5C034700E3BC03 /* Release */ = {
			isa = XCBuildConfiguration;
			buildSettings = {
				ALWAYS_EMBED_SWIFT_STANDARD_LIBRARIES = YES;
				CODE_SIGN_STYLE = Automatic;
				CURRENT_PROJECT_VERSION = 1;
				GENERATE_INFOPLIST_FILE = YES;
				MARKETING_VERSION = 1.0;
				PRODUCT_BUNDLE_IDENTIFIER = "com.R-M.R-MAppUITests";
				PRODUCT_NAME = "$(TARGET_NAME)";
				SWIFT_EMIT_LOC_STRINGS = NO;
				SWIFT_VERSION = 5.0;
				TARGETED_DEVICE_FAMILY = "1,2";
				TEST_TARGET_NAME = "R&MApp";
			};
			name = Release;
		};
/* End XCBuildConfiguration section */

/* Begin XCConfigurationList section */
		04D52EAF2A5C034400E3BC03 /* Build configuration list for PBXProject "R&MApp" */ = {
			isa = XCConfigurationList;
			buildConfigurations = (
				04D52EDC2A5C034700E3BC03 /* Debug */,
				04D52EDD2A5C034700E3BC03 /* Release */,
			);
			defaultConfigurationIsVisible = 0;
			defaultConfigurationName = Release;
		};
		04D52EDE2A5C034700E3BC03 /* Build configuration list for PBXNativeTarget "R&MApp" */ = {
			isa = XCConfigurationList;
			buildConfigurations = (
				04D52EDF2A5C034700E3BC03 /* Debug */,
				04D52EE02A5C034700E3BC03 /* Release */,
			);
			defaultConfigurationIsVisible = 0;
			defaultConfigurationName = Release;
		};
		04D52EE12A5C034700E3BC03 /* Build configuration list for PBXNativeTarget "R&MAppTests" */ = {
			isa = XCConfigurationList;
			buildConfigurations = (
				04D52EE22A5C034700E3BC03 /* Debug */,
				04D52EE32A5C034700E3BC03 /* Release */,
			);
			defaultConfigurationIsVisible = 0;
			defaultConfigurationName = Release;
		};
		04D52EE42A5C034700E3BC03 /* Build configuration list for PBXNativeTarget "R&MAppUITests" */ = {
			isa = XCConfigurationList;
			buildConfigurations = (
				04D52EE52A5C034700E3BC03 /* Debug */,
				04D52EE62A5C034700E3BC03 /* Release */,
			);
			defaultConfigurationIsVisible = 0;
			defaultConfigurationName = Release;
		};
/* End XCConfigurationList section */
	};
	rootObject = 04D52EAC2A5C034400E3BC03 /* Project object */;
}
